
Microsoft Visual Studio Solution File, Format Version 12.00
# Visual Studio 2012
Project("{FAE04EC0-301F-11D3-BF4B-00C04F79EFBC}") = "VisualThemeEditor2012", "Source\VisualThemeEditor2012.csproj", "{FDFAF6A4-E371-49E8-97A8-54D1884489F6}"
EndProject
Global
	GlobalSection(SolutionConfigurationPlatforms) = preSolution
		Debug|Any CPU = Debug|Any CPU
		Release|Any CPU = Release|Any CPU
	EndGlobalSection
	GlobalSection(ProjectConfigurationPlatforms) = postSolution
		{FDFAF6A4-E371-49E8-97A8-54D1884489F6}.Debug|Any CPU.ActiveCfg = Debug|Any CPU
		{FDFAF6A4-E371-49E8-97A8-54D1884489F6}.Debug|Any CPU.Build.0 = Debug|Any CPU
		{FDFAF6A4-E371-49E8-97A8-54D1884489F6}.Release|Any CPU.ActiveCfg = Release|Any CPU
		{FDFAF6A4-E371-49E8-97A8-54D1884489F6}.Release|Any CPU.Build.0 = Release|Any CPU
	EndGlobalSection
	GlobalSection(SolutionProperties) = preSolution
		HideSolutionNode = FALSE
	EndGlobalSection
EndGlobal
